{
  "lockfile_version": "1",
  "packages": {
    "lefthook@latest": {
      "last_modified": "2025-04-07T13:23:10Z",
      "resolved": "github:NixOS/nixpkgs/b0b4b5f8f621bfe213b8b21694bab52ecfcbf30b#lefthook",
      "source": "devbox-search",
      "version": "1.11.5",
      "systems": {
        "aarch64-darwin": {
          "outputs": [
            {
              "name": "out",
              "path": "/nix/store/4fmy4hm7wq4knkgr22afradj65dhl44j-lefthook-1.11.5",
              "default": true
            }
          ],
          "store_path": "/nix/store/4fmy4hm7wq4knkgr22afradj65dhl44j-lefthook-1.11.5"
        },
        "aarch64-linux": {
          "outputs": [
            {
              "name": "out",
              "path": "/nix/store/gbzlzd5kri8q91hsr0a5ndsqwzar6c80-lefthook-1.11.5",
              "default": true
            }
          ],
          "store_path": "/nix/store/gbzlzd5kri8q91hsr0a5ndsqwzar6c80-lefthook-1.11.5"
        },
        "x86_64-darwin": {
          "outputs": [
            {
              "name": "out",
              "path": "/nix/store/91ngsvl5frcd6fa21b2wp0mrz2mxv0c9-lefthook-1.11.5",
              "default": true
            }
          ],
          "store_path": "/nix/store/91ngsvl5frcd6fa21b2wp0mrz2mxv0c9-lefthook-1.11.5"
        },
        "x86_64-linux": {
          "outputs": [
            {
              "name": "out",
              "path": "/nix/store/bza0zs1fhm718vq4xr0n8rg4lnbj65p2-lefthook-1.11.5",
              "default": true
            }
          ],
          "store_path": "/nix/store/bza0zs1fhm718vq4xr0n8rg4lnbj65p2-lefthook-1.11.5"
        }
      }
    },
    "poetry@latest": {
      "last_modified": "2025-03-22T01:19:59Z",
      "plugin_version": "0.0.4",
      "resolved": "github:NixOS/nixpkgs/0740f6f238767d4caf9afe774d3e88105766dfc6#poetry",
      "source": "devbox-search",
      "version": "2.1.1",
      "systems": {
        "aarch64-darwin": {
          "outputs": [
            {
              "name": "out",
              "path": "/nix/store/fh1c32rqps8fihjkmv368ym3psf1pdw0-python3.12-poetry-2.1.1",
              "default": true
            },
            {
              "name": "dist",
              "path": "/nix/store/3bqzgs564nwq81xfffz81dycxsw563hq-python3.12-poetry-2.1.1-dist"
            }
          ],
          "store_path": "/nix/store/fh1c32rqps8fihjkmv368ym3psf1pdw0-python3.12-poetry-2.1.1"
        },
        "aarch64-linux": {
          "outputs": [
            {
              "name": "out",
              "path": "/nix/store/pzyp21ympffxlp87djq40s4m0zf2m2p4-python3.12-poetry-2.1.1",
              "default": true
            },
            {
              "name": "dist",
              "path": "/nix/store/ak59zi20fij3nbwyxw5vbdc3kqq55vkr-python3.12-poetry-2.1.1-dist"
            }
          ],
          "store_path": "/nix/store/pzyp21ympffxlp87djq40s4m0zf2m2p4-python3.12-poetry-2.1.1"
        },
        "x86_64-darwin": {
          "outputs": [
            {
              "name": "out",
              "path": "/nix/store/h5gyii01nnrp7z6zaijdyhhsixpa1x87-python3.12-poetry-2.1.1",
              "default": true
            },
            {
              "name": "dist",
              "path": "/nix/store/km8al95rwj6dbas4db0z3vxanskdp2la-python3.12-poetry-2.1.1-dist"
            }
          ],
          "store_path": "/nix/store/h5gyii01nnrp7z6zaijdyhhsixpa1x87-python3.12-poetry-2.1.1"
        },
        "x86_64-linux": {
          "outputs": [
            {
              "name": "out",
              "path": "/nix/store/637d5yc5z3wn5pamfpdihri5q7j85wv5-python3.12-poetry-2.1.1",
              "default": true
            },
            {
              "name": "dist",
              "path": "/nix/store/dypj58qjw79v0823j44p7pyxf8vf2cmg-python3.12-poetry-2.1.1-dist"
            }
          ],
          "store_path": "/nix/store/637d5yc5z3wn5pamfpdihri5q7j85wv5-python3.12-poetry-2.1.1"
        }
      }
    },
    "python@latest": {
      "last_modified": "2025-03-11T17:52:14Z",
      "plugin_version": "0.0.3",
      "resolved": "github:NixOS/nixpkgs/0d534853a55b5d02a4ababa1d71921ce8f0aee4c#python313",
      "source": "devbox-search",
      "version": "3.13.2",
      "systems": {
        "aarch64-darwin": {
          "outputs": [
            {
              "name": "out",
              "path": "/nix/store/c8k24sfwckindjhdxak6z3dhn8w4anx2-python3-3.13.2",
              "default": true
            }
          ],
          "store_path": "/nix/store/c8k24sfwckindjhdxak6z3dhn8w4anx2-python3-3.13.2"
        },
        "aarch64-linux": {
          "outputs": [
            {
              "name": "out",
              "path": "/nix/store/jsqky488530ax8hdaz5ckldxq9y6qr3k-python3-3.13.2",
              "default": true
            },
            {
              "name": "debug",
              "path": "/nix/store/fwwjmw2yddxxm6aj51r16v0ffp77zvk1-python3-3.13.2-debug"
            }
          ],
          "store_path": "/nix/store/jsqky488530ax8hdaz5ckldxq9y6qr3k-python3-3.13.2"
        },
        "x86_64-darwin": {
          "outputs": [
            {
              "name": "out",
              "path": "/nix/store/wjxlppca1s14xzw5iz608qpywyl5mcdw-python3-3.13.2",
              "default": true
            }
          ],
          "store_path": "/nix/store/wjxlppca1s14xzw5iz608qpywyl5mcdw-python3-3.13.2"
        },
        "x86_64-linux": {
          "outputs": [
            {
              "name": "out",
              "path": "/nix/store/njpnqszjaj6k38cp4466ygn74n392xy1-python3-3.13.2",
              "default": true
            },
            {
              "name": "debug",
              "path": "/nix/store/ixcc4jnj3byz0hg943wadfy1phxkmmgg-python3-3.13.2-debug"
            }
          ],
          "store_path": "/nix/store/njpnqszjaj6k38cp4466ygn74n392xy1-python3-3.13.2"
        }
      }
    }
  }
}
